
Microsoft Visual Studio Solution File, Format Version 12.00
# Visual Studio Version 16
VisualStudioVersion = 16.0.29418.71
MinimumVisualStudioVersion = 10.0.40219.1
Project("{2150E333-8FDC-42A3-9474-1A3956D46DE8}") = "Backend", "Backend", "{396AA829-70D1-4846-937A-C6157BC9BC0E}"
EndProject
Project("{8BC9CEB8-8B4A-11D0-8D11-00A0C91BC942}") = "DAPI", "DAPI\DAPI.vcxproj", "{97943B59-7687-4DCE-9AE2-03B8969BBC93}"
EndProject
Project("{8BC9CEB8-8B4A-11D0-8D11-00A0C91BC942}") = "DAPI Injector", "DAPI Injector\DAPI Injector.vcxproj", "{1D56BDAA-5286-4675-9EB2-B6E8879DFF93}"
EndProject
Project("{8BC9CEB8-8B4A-11D0-8D11-00A0C91BC942}") = "libprotobuf-lite", "libprotobuf-lite\libprotobuf-lite.vcxproj", "{FB5DA788-0A09-3724-85D8-F80903AD1474}"
EndProject
Project("{8BC9CEB8-8B4A-11D0-8D11-00A0C91BC942}") = "Messages", "Messages\Messages.vcxproj", "{0A6501BB-95CA-4E39-A346-FDEA490CB955}"
EndProject
Project("{8BC9CEB8-8B4A-11D0-8D11-00A0C91BC942}") = "DAPIBackendCore", "DAPIBackendCore\DAPIBackendCore.vcxproj", "{0529155F-3294-4AC7-8686-D671423192F0}"
EndProject
Project("{8BC9CEB8-8B4A-11D0-8D11-00A0C91BC942}") = "SFML", "SFML-2.5.1\SFML.vcxproj", "{D578AFBF-FCB3-4668-8096-C54BCA22C16F}"
EndProject
Project("{2150E333-8FDC-42A3-9474-1A3956D46DE8}") = "Frontend", "Frontend", "{4274C001-679E-4A4C-8D5C-D87299377329}"
EndProject
Project("{8BC9CEB8-8B4A-11D0-8D11-00A0C91BC942}") = "DAPIFrontendClient", "DAPIFrontendClient\DAPIFrontendClient.vcxproj", "{CD0003E0-DCF1-477C-BCE0-AF1388729359}"
EndProject
Project("{2150E333-8FDC-42A3-9474-1A3956D46DE8}") = "Clients", "Clients", "{37D7D682-5A21-40F8-BDD8-2D15D6F465BA}"
EndProject
Project("{8BC9CEB8-8B4A-11D0-8D11-00A0C91BC942}") = "ExampleAIClient", "ExampleAIClient\ExampleAIClient.vcxproj", "{22DF05A6-672B-42FB-95E2-06288EB0E8D4}"
EndProject
Project("{8BC9CEB8-8B4A-11D0-8D11-00A0C91BC942}") = "DAPILIB", "DAPILIB\DAPILIB.vcxproj", "{DD16CE7E-8BFB-4B8D-A643-7BFC7FBA7AA1}"
EndProject
Project("{8BC9CEB8-8B4A-11D0-8D11-00A0C91BC942}") = "NiteKat", "..\diablo_bot\NiteKat\NiteKat.vcxproj", "{8656FEDB-81B6-4B6B-BBEA-389AE723FF3B}"
EndProject
Global
	GlobalSection(SolutionConfigurationPlatforms) = preSolution
		Debug|x64 = Debug|x64
		Debug|x86 = Debug|x86
		Release|x64 = Release|x64
		Release|x86 = Release|x86
	EndGlobalSection
	GlobalSection(ProjectConfigurationPlatforms) = postSolution
		{97943B59-7687-4DCE-9AE2-03B8969BBC93}.Debug|x64.ActiveCfg = Debug|x64
		{97943B59-7687-4DCE-9AE2-03B8969BBC93}.Debug|x64.Build.0 = Debug|x64
		{97943B59-7687-4DCE-9AE2-03B8969BBC93}.Debug|x86.ActiveCfg = Debug|Win32
		{97943B59-7687-4DCE-9AE2-03B8969BBC93}.Debug|x86.Build.0 = Debug|Win32
		{97943B59-7687-4DCE-9AE2-03B8969BBC93}.Release|x64.ActiveCfg = Release|x64
		{97943B59-7687-4DCE-9AE2-03B8969BBC93}.Release|x64.Build.0 = Release|x64
		{97943B59-7687-4DCE-9AE2-03B8969BBC93}.Release|x86.ActiveCfg = Release|Win32
		{97943B59-7687-4DCE-9AE2-03B8969BBC93}.Release|x86.Build.0 = Release|Win32
		{1D56BDAA-5286-4675-9EB2-B6E8879DFF93}.Debug|x64.ActiveCfg = Debug|x64
		{1D56BDAA-5286-4675-9EB2-B6E8879DFF93}.Debug|x64.Build.0 = Debug|x64
		{1D56BDAA-5286-4675-9EB2-B6E8879DFF93}.Debug|x86.ActiveCfg = Debug|Win32
		{1D56BDAA-5286-4675-9EB2-B6E8879DFF93}.Debug|x86.Build.0 = Debug|Win32
		{1D56BDAA-5286-4675-9EB2-B6E8879DFF93}.Release|x64.ActiveCfg = Release|x64
		{1D56BDAA-5286-4675-9EB2-B6E8879DFF93}.Release|x64.Build.0 = Release|x64
		{1D56BDAA-5286-4675-9EB2-B6E8879DFF93}.Release|x86.ActiveCfg = Release|Win32
		{1D56BDAA-5286-4675-9EB2-B6E8879DFF93}.Release|x86.Build.0 = Release|Win32
		{FB5DA788-0A09-3724-85D8-F80903AD1474}.Debug|x64.ActiveCfg = Debug|Win32
		{FB5DA788-0A09-3724-85D8-F80903AD1474}.Debug|x86.ActiveCfg = Debug|Win32
		{FB5DA788-0A09-3724-85D8-F80903AD1474}.Debug|x86.Build.0 = Debug|Win32
		{FB5DA788-0A09-3724-85D8-F80903AD1474}.Release|x64.ActiveCfg = Release|Win32
		{FB5DA788-0A09-3724-85D8-F80903AD1474}.Release|x86.ActiveCfg = Release|Win32
		{FB5DA788-0A09-3724-85D8-F80903AD1474}.Release|x86.Build.0 = Release|Win32
		{0A6501BB-95CA-4E39-A346-FDEA490CB955}.Debug|x64.ActiveCfg = Debug|x64
		{0A6501BB-95CA-4E39-A346-FDEA490CB955}.Debug|x64.Build.0 = Debug|x64
		{0A6501BB-95CA-4E39-A346-FDEA490CB955}.Debug|x86.ActiveCfg = Debug|Win32
		{0A6501BB-95CA-4E39-A346-FDEA490CB955}.Debug|x86.Build.0 = Debug|Win32
		{0A6501BB-95CA-4E39-A346-FDEA490CB955}.Release|x64.ActiveCfg = Release|x64
		{0A6501BB-95CA-4E39-A346-FDEA490CB955}.Release|x64.Build.0 = Release|x64
		{0A6501BB-95CA-4E39-A346-FDEA490CB955}.Release|x86.ActiveCfg = Release|Win32
		{0A6501BB-95CA-4E39-A346-FDEA490CB955}.Release|x86.Build.0 = Release|Win32
		{0529155F-3294-4AC7-8686-D671423192F0}.Debug|x64.ActiveCfg = Debug|x64
		{0529155F-3294-4AC7-8686-D671423192F0}.Debug|x64.Build.0 = Debug|x64
		{0529155F-3294-4AC7-8686-D671423192F0}.Debug|x86.ActiveCfg = Debug|Win32
		{0529155F-3294-4AC7-8686-D671423192F0}.Debug|x86.Build.0 = Debug|Win32
		{0529155F-3294-4AC7-8686-D671423192F0}.Release|x64.ActiveCfg = Release|x64
		{0529155F-3294-4AC7-8686-D671423192F0}.Release|x64.Build.0 = Release|x64
		{0529155F-3294-4AC7-8686-D671423192F0}.Release|x86.ActiveCfg = Release|Win32
		{0529155F-3294-4AC7-8686-D671423192F0}.Release|x86.Build.0 = Release|Win32
		{D578AFBF-FCB3-4668-8096-C54BCA22C16F}.Debug|x64.ActiveCfg = Debug|x64
		{D578AFBF-FCB3-4668-8096-C54BCA22C16F}.Debug|x64.Build.0 = Debug|x64
		{D578AFBF-FCB3-4668-8096-C54BCA22C16F}.Debug|x86.ActiveCfg = Debug|Win32
		{D578AFBF-FCB3-4668-8096-C54BCA22C16F}.Debug|x86.Build.0 = Debug|Win32
		{D578AFBF-FCB3-4668-8096-C54BCA22C16F}.Release|x64.ActiveCfg = Release|x64
		{D578AFBF-FCB3-4668-8096-C54BCA22C16F}.Release|x64.Build.0 = Release|x64
		{D578AFBF-FCB3-4668-8096-C54BCA22C16F}.Release|x86.ActiveCfg = Release|Win32
		{D578AFBF-FCB3-4668-8096-C54BCA22C16F}.Release|x86.Build.0 = Release|Win32
		{CD0003E0-DCF1-477C-BCE0-AF1388729359}.Debug|x64.ActiveCfg = Debug|x64
		{CD0003E0-DCF1-477C-BCE0-AF1388729359}.Debug|x64.Build.0 = Debug|x64
		{CD0003E0-DCF1-477C-BCE0-AF1388729359}.Debug|x86.ActiveCfg = Debug|Win32
		{CD0003E0-DCF1-477C-BCE0-AF1388729359}.Debug|x86.Build.0 = Debug|Win32
		{CD0003E0-DCF1-477C-BCE0-AF1388729359}.Release|x64.ActiveCfg = Release|x64
		{CD0003E0-DCF1-477C-BCE0-AF1388729359}.Release|x64.Build.0 = Release|x64
		{CD0003E0-DCF1-477C-BCE0-AF1388729359}.Release|x86.ActiveCfg = Release|Win32
		{CD0003E0-DCF1-477C-BCE0-AF1388729359}.Release|x86.Build.0 = Release|Win32
		{22DF05A6-672B-42FB-95E2-06288EB0E8D4}.Debug|x64.ActiveCfg = Debug|x64
		{22DF05A6-672B-42FB-95E2-06288EB0E8D4}.Debug|x64.Build.0 = Debug|x64
		{22DF05A6-672B-42FB-95E2-06288EB0E8D4}.Debug|x86.ActiveCfg = Debug|Win32
		{22DF05A6-672B-42FB-95E2-06288EB0E8D4}.Debug|x86.Build.0 = Debug|Win32
		{22DF05A6-672B-42FB-95E2-06288EB0E8D4}.Release|x64.ActiveCfg = Release|x64
		{22DF05A6-672B-42FB-95E2-06288EB0E8D4}.Release|x64.Build.0 = Release|x64
		{22DF05A6-672B-42FB-95E2-06288EB0E8D4}.Release|x86.ActiveCfg = Release|Win32
		{22DF05A6-672B-42FB-95E2-06288EB0E8D4}.Release|x86.Build.0 = Release|Win32
		{DD16CE7E-8BFB-4B8D-A643-7BFC7FBA7AA1}.Debug|x64.ActiveCfg = Debug|x64
		{DD16CE7E-8BFB-4B8D-A643-7BFC7FBA7AA1}.Debug|x64.Build.0 = Debug|x64
		{DD16CE7E-8BFB-4B8D-A643-7BFC7FBA7AA1}.Debug|x86.ActiveCfg = Debug|Win32
		{DD16CE7E-8BFB-4B8D-A643-7BFC7FBA7AA1}.Debug|x86.Build.0 = Debug|Win32
		{DD16CE7E-8BFB-4B8D-A643-7BFC7FBA7AA1}.Release|x64.ActiveCfg = Release|x64
		{DD16CE7E-8BFB-4B8D-A643-7BFC7FBA7AA1}.Release|x64.Build.0 = Release|x64
		{DD16CE7E-8BFB-4B8D-A643-7BFC7FBA7AA1}.Release|x86.ActiveCfg = Release|Win32
		{DD16CE7E-8BFB-4B8D-A643-7BFC7FBA7AA1}.Release|x86.Build.0 = Release|Win32
		{8656FEDB-81B6-4B6B-BBEA-389AE723FF3B}.Debug|x64.ActiveCfg = Debug|x64
		{8656FEDB-81B6-4B6B-BBEA-389AE723FF3B}.Debug|x64.Build.0 = Debug|x64
		{8656FEDB-81B6-4B6B-BBEA-389AE723FF3B}.Debug|x86.ActiveCfg = Debug|Win32
		{8656FEDB-81B6-4B6B-BBEA-389AE723FF3B}.Debug|x86.Build.0 = Debug|Win32
		{8656FEDB-81B6-4B6B-BBEA-389AE723FF3B}.Release|x64.ActiveCfg = Release|x64
		{8656FEDB-81B6-4B6B-BBEA-389AE723FF3B}.Release|x64.Build.0 = Release|x64
		{8656FEDB-81B6-4B6B-BBEA-389AE723FF3B}.Release|x86.ActiveCfg = Release|Win32
		{8656FEDB-81B6-4B6B-BBEA-389AE723FF3B}.Release|x86.Build.0 = Release|Win32
	EndGlobalSection
	GlobalSection(SolutionProperties) = preSolution
		HideSolutionNode = FALSE
	EndGlobalSection
	GlobalSection(NestedProjects) = preSolution
		{97943B59-7687-4DCE-9AE2-03B8969BBC93} = {396AA829-70D1-4846-937A-C6157BC9BC0E}
		{1D56BDAA-5286-4675-9EB2-B6E8879DFF93} = {396AA829-70D1-4846-937A-C6157BC9BC0E}
		{FB5DA788-0A09-3724-85D8-F80903AD1474} = {396AA829-70D1-4846-937A-C6157BC9BC0E}
		{0A6501BB-95CA-4E39-A346-FDEA490CB955} = {396AA829-70D1-4846-937A-C6157BC9BC0E}
		{0529155F-3294-4AC7-8686-D671423192F0} = {396AA829-70D1-4846-937A-C6157BC9BC0E}
		{CD0003E0-DCF1-477C-BCE0-AF1388729359} = {4274C001-679E-4A4C-8D5C-D87299377329}
		{22DF05A6-672B-42FB-95E2-06288EB0E8D4} = {37D7D682-5A21-40F8-BDD8-2D15D6F465BA}
		{DD16CE7E-8BFB-4B8D-A643-7BFC7FBA7AA1} = {4274C001-679E-4A4C-8D5C-D87299377329}
	EndGlobalSection
	GlobalSection(ExtensibilityGlobals) = postSolution
		SolutionGuid = {4C381581-B5C9-4BE6-99A2-7E790D11ED44}
	EndGlobalSection
EndGlobal
