<?xml version="1.0" encoding="utf-8"?>
<Project ToolsVersion="4.0" xmlns="http://schemas.microsoft.com/developer/msbuild/2003">
  <ItemGroup>
    <Filter Include="Source Files">
      <UniqueIdentifier>{4FC737F1-C7A5-4376-A066-2A32D752A2FF}</UniqueIdentifier>
      <Extensions>cpp;c;cc;cxx;def;odl;idl;hpj;bat;asm;asmx</Extensions>
    </Filter>
    <Filter Include="Include">
      <UniqueIdentifier>{b1b349ed-4ab3-4710-b4c5-4c1f363a3283}</UniqueIdentifier>
    </Filter>
    <Filter Include="Common">
      <UniqueIdentifier>{e1c921f0-4d41-4c9d-9b57-5a1a50b38226}</UniqueIdentifier>
    </Filter>
    <Filter Include="Interface">
      <UniqueIdentifier>{c5540e2f-50b4-435a-8479-f08e6e9f4579}</UniqueIdentifier>
    </Filter>
  </ItemGroup>
  <ItemGroup>
    <ClCompile Include="Source\Detours.cpp">
      <Filter>Source Files</Filter>
    </ClCompile>
    <ClCompile Include="Source\DLLMain.cpp">
      <Filter>Source Files</Filter>
    </ClCompile>
  </ItemGroup>
  <ItemGroup>
    <ClInclude Include="Source\Detours.h">
      <Filter>Source Files</Filter>
    </ClInclude>
    <ClInclude Include="Source\Globals.h">
      <Filter>Source Files</Filter>
    </ClInclude>
    <ClInclude Include="Include\DAPI.h">
      <Filter>Include</Filter>
    </ClInclude>
    <ClInclude Include="Common\Enums.h">
      <Filter>Common</Filter>
    </ClInclude>
    <ClInclude Include="Common\Structs.h">
      <Filter>Common</Filter>
    </ClInclude>
    <ClInclude Include="Common\Game.h">
      <Filter>Common</Filter>
    </ClInclude>
    <ClInclude Include="Common\PlayerCharacter.h">
      <Filter>Common</Filter>
    </ClInclude>
    <ClInclude Include="Common\Trigger.h">
      <Filter>Common</Filter>
    </ClInclude>
    <ClInclude Include="Common\Point.h">
      <Filter>Common</Filter>
    </ClInclude>
    <ClInclude Include="Common\Object.h">
      <Filter>Common</Filter>
    </ClInclude>
    <ClInclude Include="Common\Monster.h">
      <Filter>Common</Filter>
    </ClInclude>
    <ClInclude Include="Common\Door.h">
      <Filter>Common</Filter>
    </ClInclude>
    <ClInclude Include="Common\Item.h">
      <Filter>Common</Filter>
    </ClInclude>
    <ClInclude Include="Common\DrawRequest.h">
      <Filter>Common</Filter>
    </ClInclude>
  </ItemGroup>
</Project>